
Microsoft Visual Studio Solution File, Format Version 12.00
# Visual Studio Version 17
VisualStudioVersion = 17.4.33122.133
MinimumVisualStudioVersion = 10.0.40219.1
Project("{FAE04EC0-301F-11D3-BF4B-00C04F79EFBC}") = "laboratorio", "laboratorio\laboratorio.csproj", "{BD9222FF-A1A1-4179-BA77-310C0FC2F9F3}"
EndProject
Global
	GlobalSection(SolutionConfigurationPlatforms) = preSolution
		Debug|Any CPU = Debug|Any CPU
		Release|Any CPU = Release|Any CPU
	EndGlobalSection
	GlobalSection(ProjectConfigurationPlatforms) = postSolution
		{BD9222FF-A1A1-4179-BA77-310C0FC2F9F3}.Debug|Any CPU.ActiveCfg = Debug|Any CPU
		{BD9222FF-A1A1-4179-BA77-310C0FC2F9F3}.Debug|Any CPU.Build.0 = Debug|Any CPU
		{BD9222FF-A1A1-4179-BA77-310C0FC2F9F3}.Release|Any CPU.ActiveCfg = Release|Any CPU
		{BD9222FF-A1A1-4179-BA77-310C0FC2F9F3}.Release|Any CPU.Build.0 = Release|Any CPU
	EndGlobalSection
	GlobalSection(SolutionProperties) = preSolution
		HideSolutionNode = FALSE
	EndGlobalSection
	GlobalSection(ExtensibilityGlobals) = postSolution
		SolutionGuid = {C5966F2D-30B5-4896-80DF-CC9E3D0A69AF}
	EndGlobalSection
EndGlobal
